# THIS IS AN AUTOGENERATED FILE. DO NOT EDIT THIS FILE DIRECTLY.
# yarn lockfile v1


dotenv@^17.2.2:
  version "17.2.2"
  resolved "https://registry.yarnpkg.com/dotenv/-/dotenv-17.2.2.tgz#4010cfe1c2be4fc0f46fd3d951afb424bc067ac6"
  integrity sha512-Sf2LSQP+bOlhKWWyhFsn0UsfdK/kCWRv1iuA2gXAwt3dyNabr6QSj00I2V10pidqz69soatm9ZwZvpQMTIOd5Q==

is@~0.2.6:
  version "0.2.7"
  resolved "https://registry.yarnpkg.com/is/-/is-0.2.7.tgz#3b34a2c48f359972f35042849193ae7264b63562"
  integrity sha512-ajQCouIvkcSnl2iRdK70Jug9mohIHVX9uKpoWnl115ov0R5mzBvRrXxrnHbsA+8AdwCwc/sfw7HXmd4I5EJBdQ==

mkdirs@^1.0.0:
  version "1.0.0"
  resolved "https://registry.yarnpkg.com/mkdirs/-/mkdirs-1.0.0.tgz#ab650d81ba35530676bbf83b3dad9c0663fa2458"
  integrity sha512-MjclHOZY20fbHjL/NPCsmMKTAcGxlEK2x7DInc6so5Vmr2icurspO3ZsswZK7nkld6WiQlXF5HjVkCrWR6htxg==

node.extend@1.0.8:
  version "1.0.8"
  resolved "https://registry.yarnpkg.com/node.extend/-/node.extend-1.0.8.tgz#bab04379f7383f4587990c9df07b6a7f65db772b"
  integrity sha512-yvo/DZY0kijlDF192KqLX59/Yz0S5eUrV0GnRcjsoRXVqCGt7EVK+ONq3ZlijJvH/z/447qJaOeTgOGfyFQNPA==
  dependencies:
    is "~0.2.6"
    object-keys "~0.4.0"

node.flow@1.2.3:
  version "1.2.3"
  resolved "https://registry.yarnpkg.com/node.flow/-/node.flow-1.2.3.tgz#e1c44a82aeca8d78b458a77fb3dc642f2eba2649"
  integrity sha512-f6bmAiB6wte7YTVWn5rWpz7Fh9OFHMmj8FwNkI3XnwIHRbg7H3nVncr1Kz8DnGS3idUFpRQ8D6lsecUAvjlqKA==
  dependencies:
    node.extend "1.0.8"

object-keys@~0.4.0:
  version "0.4.0"
  resolved "https://registry.yarnpkg.com/object-keys/-/object-keys-0.4.0.tgz#28a6aae7428dd2c3a92f3d95f21335dd204e0336"
  integrity sha512-ncrLw+X55z7bkl5PnUvHwFK9FcGuFYo9gtjws2XtSzL+aZ8tm830P60WJ0dSmFVaSalWieW5MD7kEdnXda9yJw==

rmdir@^1.2.0:
  version "1.2.0"
  resolved "https://registry.yarnpkg.com/rmdir/-/rmdir-1.2.0.tgz#4fe0357cb06168c258e73e968093dc4e8a0f3253"
  integrity sha512-nzZwoUqCVv00Z1YiRxledUM6MBSR2/Ij9ny6QsMJDl9nOAdwWD+Ak7FnVjHIKITdBZ8oqWpa71TrpiFOPCoKPw==
  dependencies:
    node.flow "1.2.3"
